
Microsoft Visual Studio Solution File, Format Version 11.00
# Visual Studio 2010
Project("{FAE04EC0-301F-11D3-BF4B-00C04F79EFBC}") = "JCE-STD", "JCE-STD\JCE-STD.csproj", "{CDD8C734-2606-48BD-881C-D7EAE9641BC2}"
EndProject
Project("{2150E333-8FDC-42A3-9474-1A3956D46DE8}") = "Solution Items", "Solution Items", "{D2C960F9-1FBA-4EC7-8D70-6CB63E75648E}"
	ProjectSection(SolutionItems) = preProject
		JCE-STD.vsmdi = JCE-STD.vsmdi
		Local.testsettings = Local.testsettings
		TraceAndTestImpact.testsettings = TraceAndTestImpact.testsettings
	EndProjectSection
EndProject
Project("{FAE04EC0-301F-11D3-BF4B-00C04F79EFBC}") = "JCE-STD.Tests", "JCE-STD.Tests\JCE-STD.Tests.csproj", "{38E3F18D-A75D-46D5-A45C-7FD24C76FD56}"
EndProject
Global
	GlobalSection(TestCaseManagementSettings) = postSolution
		CategoryFile = JCE-STD.vsmdi
	EndGlobalSection
	GlobalSection(SolutionConfigurationPlatforms) = preSolution
		Debug|Any CPU = Debug|Any CPU
		Debug|Mixed Platforms = Debug|Mixed Platforms
		Debug|Win32 = Debug|Win32
		Release|Any CPU = Release|Any CPU
		Release|Mixed Platforms = Release|Mixed Platforms
		Release|Win32 = Release|Win32
	EndGlobalSection
	GlobalSection(ProjectConfigurationPlatforms) = postSolution
		{CDD8C734-2606-48BD-881C-D7EAE9641BC2}.Debug|Any CPU.ActiveCfg = Debug|Any CPU
		{CDD8C734-2606-48BD-881C-D7EAE9641BC2}.Debug|Any CPU.Build.0 = Debug|Any CPU
		{CDD8C734-2606-48BD-881C-D7EAE9641BC2}.Debug|Mixed Platforms.ActiveCfg = Debug|Any CPU
		{CDD8C734-2606-48BD-881C-D7EAE9641BC2}.Debug|Mixed Platforms.Build.0 = Debug|Any CPU
		{CDD8C734-2606-48BD-881C-D7EAE9641BC2}.Debug|Win32.ActiveCfg = Debug|Any CPU
		{CDD8C734-2606-48BD-881C-D7EAE9641BC2}.Release|Any CPU.ActiveCfg = Release|Any CPU
		{CDD8C734-2606-48BD-881C-D7EAE9641BC2}.Release|Any CPU.Build.0 = Release|Any CPU
		{CDD8C734-2606-48BD-881C-D7EAE9641BC2}.Release|Mixed Platforms.ActiveCfg = Release|Any CPU
		{CDD8C734-2606-48BD-881C-D7EAE9641BC2}.Release|Mixed Platforms.Build.0 = Release|Any CPU
		{CDD8C734-2606-48BD-881C-D7EAE9641BC2}.Release|Win32.ActiveCfg = Release|Any CPU
		{38E3F18D-A75D-46D5-A45C-7FD24C76FD56}.Debug|Any CPU.ActiveCfg = Debug|Any CPU
		{38E3F18D-A75D-46D5-A45C-7FD24C76FD56}.Debug|Any CPU.Build.0 = Debug|Any CPU
		{38E3F18D-A75D-46D5-A45C-7FD24C76FD56}.Debug|Mixed Platforms.ActiveCfg = Debug|Any CPU
		{38E3F18D-A75D-46D5-A45C-7FD24C76FD56}.Debug|Mixed Platforms.Build.0 = Debug|Any CPU
		{38E3F18D-A75D-46D5-A45C-7FD24C76FD56}.Debug|Win32.ActiveCfg = Debug|Any CPU
		{38E3F18D-A75D-46D5-A45C-7FD24C76FD56}.Release|Any CPU.ActiveCfg = Release|Any CPU
		{38E3F18D-A75D-46D5-A45C-7FD24C76FD56}.Release|Any CPU.Build.0 = Release|Any CPU
		{38E3F18D-A75D-46D5-A45C-7FD24C76FD56}.Release|Mixed Platforms.ActiveCfg = Release|Any CPU
		{38E3F18D-A75D-46D5-A45C-7FD24C76FD56}.Release|Mixed Platforms.Build.0 = Release|Any CPU
		{38E3F18D-A75D-46D5-A45C-7FD24C76FD56}.Release|Win32.ActiveCfg = Release|Any CPU
	EndGlobalSection
	GlobalSection(SolutionProperties) = preSolution
		HideSolutionNode = FALSE
	EndGlobalSection
EndGlobal
